
Microsoft Visual Studio Solution File, Format Version 12.00
# Visual Studio 15
Project("{FAE04EC0-301F-11D3-BF4B-00C04F79EFBC}") = "Assembly-CSharp", "Assembly-CSharp.csproj", "{FFD34A9A-FA15-CB4C-6C3A-DAB4D7784075}"
EndProject
Global
	GlobalSection(SolutionConfigurationPlatforms) = preSolution
		Debug|Any CPU = Debug|Any CPU
		Release|Any CPU = Release|Any CPU
	EndGlobalSection
	GlobalSection(ProjectConfigurationPlatforms) = postSolution
		{FFD34A9A-FA15-CB4C-6C3A-DAB4D7784075}.Debug|Any CPU.ActiveCfg = Debug|Any CPU
		{FFD34A9A-FA15-CB4C-6C3A-DAB4D7784075}.Debug|Any CPU.Build.0 = Debug|Any CPU
		{FFD34A9A-FA15-CB4C-6C3A-DAB4D7784075}.Release|Any CPU.ActiveCfg = Release|Any CPU
		{FFD34A9A-FA15-CB4C-6C3A-DAB4D7784075}.Release|Any CPU.Build.0 = Release|Any CPU
	EndGlobalSection
	GlobalSection(SolutionProperties) = preSolution
		HideSolutionNode = FALSE
	EndGlobalSection
EndGlobal
